// !$*UTF8*$!
{
	archiveVersion = 1;
	classes = {
	};
	objectVersion = 56;
	objects = {

/* Begin PBXBuildFile section */
		07D8298629FB141100587495 /* MarsWeatherApp.swift in Sources */ = {isa = PBXBuildFile; fileRef = 07D8298529FB141100587495 /* MarsWeatherApp.swift */; };
		07D8298829FB141100587495 /* LatestWeatherView.swift in Sources */ = {isa = PBXBuildFile; fileRef = 07D8298729FB141100587495 /* LatestWeatherView.swift */; };
		07D8298A29FB141300587495 /* Assets.xcassets in Resources */ = {isa = PBXBuildFile; fileRef = 07D8298929FB141300587495 /* Assets.xcassets */; };
		07D8298D29FB141300587495 /* Preview Assets.xcassets in Resources */ = {isa = PBXBuildFile; fileRef = 07D8298C29FB141300587495 /* Preview Assets.xcassets */; };
		07D8299729FBEDF800587495 /* TrendsWeatherView.swift in Sources */ = {isa = PBXBuildFile; fileRef = 07D8299629FBEDF800587495 /* TrendsWeatherView.swift */; };
		07D8299A29FBEF9200587495 /* InfoScreenView.swift in Sources */ = {isa = PBXBuildFile; fileRef = 07D8299929FBEF9200587495 /* InfoScreenView.swift */; };
		07D8299C29FBF0CE00587495 /* MarsWeatherTabView.swift in Sources */ = {isa = PBXBuildFile; fileRef = 07D8299B29FBF0CE00587495 /* MarsWeatherTabView.swift */; };
		07D8299F29FC1CD200587495 /* MarsWeatherData.swift in Sources */ = {isa = PBXBuildFile; fileRef = 07D8299E29FC1CD200587495 /* MarsWeatherData.swift */; };
		07D829A129FC1E1000587495 /* Sol.swift in Sources */ = {isa = PBXBuildFile; fileRef = 07D829A029FC1E1000587495 /* Sol.swift */; };
		07D829A329FC1E4200587495 /* Descriptions.swift in Sources */ = {isa = PBXBuildFile; fileRef = 07D829A229FC1E4200587495 /* Descriptions.swift */; };
		07D982012A097E0400DBB317 /* PressureView.swift in Sources */ = {isa = PBXBuildFile; fileRef = 07D982002A097E0400DBB317 /* PressureView.swift */; };
		07D982032A09880200DBB317 /* ConditionsPressureView.swift in Sources */ = {isa = PBXBuildFile; fileRef = 07D982022A09880200DBB317 /* ConditionsPressureView.swift */; };
		07ED94E32A0297350075B8D4 /* MarsWeatherTabViewModel.swift in Sources */ = {isa = PBXBuildFile; fileRef = 07ED94E22A0297350075B8D4 /* MarsWeatherTabViewModel.swift */; };
		07ED94E82A02A0860075B8D4 /* NetworkProvider.swift in Sources */ = {isa = PBXBuildFile; fileRef = 07ED94E72A02A0860075B8D4 /* NetworkProvider.swift */; };
		07ED94EB2A02B6330075B8D4 /* MWError.swift in Sources */ = {isa = PBXBuildFile; fileRef = 07ED94EA2A02B6330075B8D4 /* MWError.swift */; };
		07ED94ED2A02B7080075B8D4 /* AlertContext.swift in Sources */ = {isa = PBXBuildFile; fileRef = 07ED94EC2A02B7080075B8D4 /* AlertContext.swift */; };
		07ED94F02A0533AD0075B8D4 /* String+Ext.swift in Sources */ = {isa = PBXBuildFile; fileRef = 07ED94EF2A0533AD0075B8D4 /* String+Ext.swift */; };
		07ED94F22A053BA50075B8D4 /* UVIrradianceView.swift in Sources */ = {isa = PBXBuildFile; fileRef = 07ED94F12A053BA50075B8D4 /* UVIrradianceView.swift */; };
		07F1089829FC5C6500EC2D6A /* LoadingView.swift in Sources */ = {isa = PBXBuildFile; fileRef = 07F1089729FC5C6500EC2D6A /* LoadingView.swift */; };
		07F1089A29FC63CF00EC2D6A /* MockData.swift in Sources */ = {isa = PBXBuildFile; fileRef = 07F1089929FC63CF00EC2D6A /* MockData.swift */; };
		07F1089F29FDCA4600EC2D6A /* AppTitleView.swift in Sources */ = {isa = PBXBuildFile; fileRef = 07F1089E29FDCA4600EC2D6A /* AppTitleView.swift */; };
		07F108A329FF4D2A00EC2D6A /* SunPositionTimeView.swift in Sources */ = {isa = PBXBuildFile; fileRef = 07F108A229FF4D2A00EC2D6A /* SunPositionTimeView.swift */; };
		07F108A529FFF62800EC2D6A /* LatestReportTitleView.swift in Sources */ = {isa = PBXBuildFile; fileRef = 07F108A429FFF62800EC2D6A /* LatestReportTitleView.swift */; };
		07F108A72A0002FD00EC2D6A /* TemperatureView.swift in Sources */ = {isa = PBXBuildFile; fileRef = 07F108A62A0002FD00EC2D6A /* TemperatureView.swift */; };
		07F108A92A00416800EC2D6A /* WeatherIconView.swift in Sources */ = {isa = PBXBuildFile; fileRef = 07F108A82A00416800EC2D6A /* WeatherIconView.swift */; };
		07F108AB2A004B8300EC2D6A /* ConditionsView.swift in Sources */ = {isa = PBXBuildFile; fileRef = 07F108AA2A004B8300EC2D6A /* ConditionsView.swift */; };
/* End PBXBuildFile section */

/* Begin PBXFileReference section */
		07D8298229FB141100587495 /* MarsWeather.app */ = {isa = PBXFileReference; explicitFileType = wrapper.application; includeInIndex = 0; path = MarsWeather.app; sourceTree = BUILT_PRODUCTS_DIR; };
		07D8298529FB141100587495 /* MarsWeatherApp.swift */ = {isa = PBXFileReference; lastKnownFileType = sourcecode.swift; path = MarsWeatherApp.swift; sourceTree = "<group>"; };
		07D8298729FB141100587495 /* LatestWeatherView.swift */ = {isa = PBXFileReference; lastKnownFileType = sourcecode.swift; path = LatestWeatherView.swift; sourceTree = "<group>"; };
		07D8298929FB141300587495 /* Assets.xcassets */ = {isa = PBXFileReference; lastKnownFileType = folder.assetcatalog; path = Assets.xcassets; sourceTree = "<group>"; };
		07D8298C29FB141300587495 /* Preview Assets.xcassets */ = {isa = PBXFileReference; lastKnownFileType = folder.assetcatalog; path = "Preview Assets.xcassets"; sourceTree = "<group>"; };
		07D8299629FBEDF800587495 /* TrendsWeatherView.swift */ = {isa = PBXFileReference; lastKnownFileType = sourcecode.swift; path = TrendsWeatherView.swift; sourceTree = "<group>"; };
		07D8299929FBEF9200587495 /* InfoScreenView.swift */ = {isa = PBXFileReference; lastKnownFileType = sourcecode.swift; path = InfoScreenView.swift; sourceTree = "<group>"; };
		07D8299B29FBF0CE00587495 /* MarsWeatherTabView.swift */ = {isa = PBXFileReference; lastKnownFileType = sourcecode.swift; path = MarsWeatherTabView.swift; sourceTree = "<group>"; };
		07D8299E29FC1CD200587495 /* MarsWeatherData.swift */ = {isa = PBXFileReference; lastKnownFileType = sourcecode.swift; path = MarsWeatherData.swift; sourceTree = "<group>"; };
		07D829A029FC1E1000587495 /* Sol.swift */ = {isa = PBXFileReference; lastKnownFileType = sourcecode.swift; path = Sol.swift; sourceTree = "<group>"; };
		07D829A229FC1E4200587495 /* Descriptions.swift */ = {isa = PBXFileReference; lastKnownFileType = sourcecode.swift; path = Descriptions.swift; sourceTree = "<group>"; };
		07D982002A097E0400DBB317 /* PressureView.swift */ = {isa = PBXFileReference; lastKnownFileType = sourcecode.swift; path = PressureView.swift; sourceTree = "<group>"; };
		07D982022A09880200DBB317 /* ConditionsPressureView.swift */ = {isa = PBXFileReference; lastKnownFileType = sourcecode.swift; path = ConditionsPressureView.swift; sourceTree = "<group>"; };
		07ED94E22A0297350075B8D4 /* MarsWeatherTabViewModel.swift */ = {isa = PBXFileReference; lastKnownFileType = sourcecode.swift; path = MarsWeatherTabViewModel.swift; sourceTree = "<group>"; };
		07ED94E72A02A0860075B8D4 /* NetworkProvider.swift */ = {isa = PBXFileReference; lastKnownFileType = sourcecode.swift; path = NetworkProvider.swift; sourceTree = "<group>"; };
		07ED94EA2A02B6330075B8D4 /* MWError.swift */ = {isa = PBXFileReference; lastKnownFileType = sourcecode.swift; path = MWError.swift; sourceTree = "<group>"; };
		07ED94EC2A02B7080075B8D4 /* AlertContext.swift */ = {isa = PBXFileReference; lastKnownFileType = sourcecode.swift; path = AlertContext.swift; sourceTree = "<group>"; };
		07ED94EF2A0533AD0075B8D4 /* String+Ext.swift */ = {isa = PBXFileReference; lastKnownFileType = sourcecode.swift; path = "String+Ext.swift"; sourceTree = "<group>"; };
		07ED94F12A053BA50075B8D4 /* UVIrradianceView.swift */ = {isa = PBXFileReference; lastKnownFileType = sourcecode.swift; path = UVIrradianceView.swift; sourceTree = "<group>"; };
		07F1089729FC5C6500EC2D6A /* LoadingView.swift */ = {isa = PBXFileReference; lastKnownFileType = sourcecode.swift; path = LoadingView.swift; sourceTree = "<group>"; };
		07F1089929FC63CF00EC2D6A /* MockData.swift */ = {isa = PBXFileReference; lastKnownFileType = sourcecode.swift; path = MockData.swift; sourceTree = "<group>"; };
		07F1089E29FDCA4600EC2D6A /* AppTitleView.swift */ = {isa = PBXFileReference; lastKnownFileType = sourcecode.swift; path = AppTitleView.swift; sourceTree = "<group>"; };
		07F108A229FF4D2A00EC2D6A /* SunPositionTimeView.swift */ = {isa = PBXFileReference; lastKnownFileType = sourcecode.swift; path = SunPositionTimeView.swift; sourceTree = "<group>"; };
		07F108A429FFF62800EC2D6A /* LatestReportTitleView.swift */ = {isa = PBXFileReference; lastKnownFileType = sourcecode.swift; path = LatestReportTitleView.swift; sourceTree = "<group>"; };
		07F108A62A0002FD00EC2D6A /* TemperatureView.swift */ = {isa = PBXFileReference; lastKnownFileType = sourcecode.swift; path = TemperatureView.swift; sourceTree = "<group>"; };
		07F108A82A00416800EC2D6A /* WeatherIconView.swift */ = {isa = PBXFileReference; lastKnownFileType = sourcecode.swift; path = WeatherIconView.swift; sourceTree = "<group>"; };
		07F108AA2A004B8300EC2D6A /* ConditionsView.swift */ = {isa = PBXFileReference; lastKnownFileType = sourcecode.swift; path = ConditionsView.swift; sourceTree = "<group>"; };
/* End PBXFileReference section */

/* Begin PBXFrameworksBuildPhase section */
		07D8297F29FB141100587495 /* Frameworks */ = {
			isa = PBXFrameworksBuildPhase;
			buildActionMask = 2147483647;
			files = (
			);
			runOnlyForDeploymentPostprocessing = 0;
		};
/* End PBXFrameworksBuildPhase section */

/* Begin PBXGroup section */
		07D8297929FB141100587495 = {
			isa = PBXGroup;
			children = (
				07D8298429FB141100587495 /* MarsWeather */,
				07D8298329FB141100587495 /* Products */,
			);
			sourceTree = "<group>";
		};
		07D8298329FB141100587495 /* Products */ = {
			isa = PBXGroup;
			children = (
				07D8298229FB141100587495 /* MarsWeather.app */,
			);
			name = Products;
			sourceTree = "<group>";
		};
		07D8298429FB141100587495 /* MarsWeather */ = {
			isa = PBXGroup;
			children = (
				07D8299D29FC1CB800587495 /* Models */,
				07ED94E52A02A06E0075B8D4 /* Utilities */,
				07F1089629FC5B3D00EC2D6A /* Views */,
				07D8299329FB178C00587495 /* Screens */,
				07D8298529FB141100587495 /* MarsWeatherApp.swift */,
				07D8298929FB141300587495 /* Assets.xcassets */,
				07D8298B29FB141300587495 /* Preview Content */,
			);
			path = MarsWeather;
			sourceTree = "<group>";
		};
		07D8298B29FB141300587495 /* Preview Content */ = {
			isa = PBXGroup;
			children = (
				07D8298C29FB141300587495 /* Preview Assets.xcassets */,
			);
			path = "Preview Content";
			sourceTree = "<group>";
		};
		07D8299329FB178C00587495 /* Screens */ = {
			isa = PBXGroup;
			children = (
				07ED94E12A0297160075B8D4 /* MarsWeatherTabView */,
				07D8299429FB19EA00587495 /* LatestWeatherView */,
				07D8299529FBEDE300587495 /* TrendsWeatherView */,
				07D8299829FBEF2C00587495 /* InfoScreenView */,
			);
			path = Screens;
			sourceTree = "<group>";
		};
		07D8299429FB19EA00587495 /* LatestWeatherView */ = {
			isa = PBXGroup;
			children = (
				07D8298729FB141100587495 /* LatestWeatherView.swift */,
			);
			path = LatestWeatherView;
			sourceTree = "<group>";
		};
		07D8299529FBEDE300587495 /* TrendsWeatherView */ = {
			isa = PBXGroup;
			children = (
				07D8299629FBEDF800587495 /* TrendsWeatherView.swift */,
			);
			path = TrendsWeatherView;
			sourceTree = "<group>";
		};
		07D8299829FBEF2C00587495 /* InfoScreenView */ = {
			isa = PBXGroup;
			children = (
				07D8299929FBEF9200587495 /* InfoScreenView.swift */,
			);
			path = InfoScreenView;
			sourceTree = "<group>";
		};
		07D8299D29FC1CB800587495 /* Models */ = {
			isa = PBXGroup;
			children = (
				07F1089929FC63CF00EC2D6A /* MockData.swift */,
				07D8299E29FC1CD200587495 /* MarsWeatherData.swift */,
				07D829A229FC1E4200587495 /* Descriptions.swift */,
				07D829A029FC1E1000587495 /* Sol.swift */,
			);
			path = Models;
			sourceTree = "<group>";
		};
		07ED94E12A0297160075B8D4 /* MarsWeatherTabView */ = {
			isa = PBXGroup;
			children = (
				07D8299B29FBF0CE00587495 /* MarsWeatherTabView.swift */,
				07ED94E22A0297350075B8D4 /* MarsWeatherTabViewModel.swift */,
			);
			path = MarsWeatherTabView;
			sourceTree = "<group>";
		};
		07ED94E52A02A06E0075B8D4 /* Utilities */ = {
			isa = PBXGroup;
			children = (
				07ED94EE2A05338E0075B8D4 /* Extensions */,
				07ED94E92A02B5310075B8D4 /* Alerts */,
				07ED94E62A02A0780075B8D4 /* Providers */,
			);
			path = Utilities;
			sourceTree = "<group>";
		};
		07ED94E62A02A0780075B8D4 /* Providers */ = {
			isa = PBXGroup;
			children = (
				07ED94E72A02A0860075B8D4 /* NetworkProvider.swift */,
			);
			path = Providers;
			sourceTree = "<group>";
		};
		07ED94E92A02B5310075B8D4 /* Alerts */ = {
			isa = PBXGroup;
			children = (
				07ED94EA2A02B6330075B8D4 /* MWError.swift */,
				07ED94EC2A02B7080075B8D4 /* AlertContext.swift */,
			);
			path = Alerts;
			sourceTree = "<group>";
		};
		07ED94EE2A05338E0075B8D4 /* Extensions */ = {
			isa = PBXGroup;
			children = (
				07ED94EF2A0533AD0075B8D4 /* String+Ext.swift */,
			);
			path = Extensions;
			sourceTree = "<group>";
		};
		07F1089629FC5B3D00EC2D6A /* Views */ = {
			isa = PBXGroup;
			children = (
				07F108A029FF4C5700EC2D6A /* Weather Details */,
				07F1089D29FDCA0700EC2D6A /* Titles */,
				07F1089729FC5C6500EC2D6A /* LoadingView.swift */,
			);
			path = Views;
			sourceTree = "<group>";
		};
		07F1089D29FDCA0700EC2D6A /* Titles */ = {
			isa = PBXGroup;
			children = (
				07F1089E29FDCA4600EC2D6A /* AppTitleView.swift */,
				07F108A429FFF62800EC2D6A /* LatestReportTitleView.swift */,
			);
			path = Titles;
			sourceTree = "<group>";
		};
		07F108A029FF4C5700EC2D6A /* Weather Details */ = {
			isa = PBXGroup;
			children = (
				07F108A229FF4D2A00EC2D6A /* SunPositionTimeView.swift */,
				07F108A62A0002FD00EC2D6A /* TemperatureView.swift */,
				07F108A82A00416800EC2D6A /* WeatherIconView.swift */,
				07F108AA2A004B8300EC2D6A /* ConditionsView.swift */,
				07ED94F12A053BA50075B8D4 /* UVIrradianceView.swift */,
				07D982002A097E0400DBB317 /* PressureView.swift */,
				07D982022A09880200DBB317 /* ConditionsPressureView.swift */,
			);
			path = "Weather Details";
			sourceTree = "<group>";
		};
/* End PBXGroup section */

/* Begin PBXNativeTarget section */
		07D8298129FB141100587495 /* MarsWeather */ = {
			isa = PBXNativeTarget;
			buildConfigurationList = 07D8299029FB141300587495 /* Build configuration list for PBXNativeTarget "MarsWeather" */;
			buildPhases = (
				07D8297E29FB141100587495 /* Sources */,
				07D8297F29FB141100587495 /* Frameworks */,
				07D8298029FB141100587495 /* Resources */,
			);
			buildRules = (
			);
			dependencies = (
			);
			name = MarsWeather;
			productName = MarsWeather;
			productReference = 07D8298229FB141100587495 /* MarsWeather.app */;
			productType = "com.apple.product-type.application";
		};
/* End PBXNativeTarget section */

/* Begin PBXProject section */
		07D8297A29FB141100587495 /* Project object */ = {
			isa = PBXProject;
			attributes = {
				BuildIndependentTargetsInParallel = 1;
				LastSwiftUpdateCheck = 1430;
				LastUpgradeCheck = 1430;
				TargetAttributes = {
					07D8298129FB141100587495 = {
						CreatedOnToolsVersion = 14.3;
					};
				};
			};
			buildConfigurationList = 07D8297D29FB141100587495 /* Build configuration list for PBXProject "MarsWeather" */;
			compatibilityVersion = "Xcode 14.0";
			developmentRegion = en;
			hasScannedForEncodings = 0;
			knownRegions = (
				en,
				Base,
			);
			mainGroup = 07D8297929FB141100587495;
			productRefGroup = 07D8298329FB141100587495 /* Products */;
			projectDirPath = "";
			projectRoot = "";
			targets = (
				07D8298129FB141100587495 /* MarsWeather */,
			);
		};
/* End PBXProject section */

/* Begin PBXResourcesBuildPhase section */
		07D8298029FB141100587495 /* Resources */ = {
			isa = PBXResourcesBuildPhase;
			buildActionMask = 2147483647;
			files = (
				07D8298D29FB141300587495 /* Preview Assets.xcassets in Resources */,
				07D8298A29FB141300587495 /* Assets.xcassets in Resources */,
			);
			runOnlyForDeploymentPostprocessing = 0;
		};
/* End PBXResourcesBuildPhase section */

/* Begin PBXSourcesBuildPhase section */
		07D8297E29FB141100587495 /* Sources */ = {
			isa = PBXSourcesBuildPhase;
			buildActionMask = 2147483647;
			files = (
				07D8299729FBEDF800587495 /* TrendsWeatherView.swift in Sources */,
				07F108A329FF4D2A00EC2D6A /* SunPositionTimeView.swift in Sources */,
				07D8299F29FC1CD200587495 /* MarsWeatherData.swift in Sources */,
				07D8298829FB141100587495 /* LatestWeatherView.swift in Sources */,
				07D982012A097E0400DBB317 /* PressureView.swift in Sources */,
				07F108AB2A004B8300EC2D6A /* ConditionsView.swift in Sources */,
				07D829A129FC1E1000587495 /* Sol.swift in Sources */,
				07F108A72A0002FD00EC2D6A /* TemperatureView.swift in Sources */,
				07D829A329FC1E4200587495 /* Descriptions.swift in Sources */,
				07D8299A29FBEF9200587495 /* InfoScreenView.swift in Sources */,
				07F108A529FFF62800EC2D6A /* LatestReportTitleView.swift in Sources */,
				07F108A92A00416800EC2D6A /* WeatherIconView.swift in Sources */,
				07ED94EB2A02B6330075B8D4 /* MWError.swift in Sources */,
				07D982032A09880200DBB317 /* ConditionsPressureView.swift in Sources */,
				07ED94E82A02A0860075B8D4 /* NetworkProvider.swift in Sources */,
				07D8298629FB141100587495 /* MarsWeatherApp.swift in Sources */,
				07D8299C29FBF0CE00587495 /* MarsWeatherTabView.swift in Sources */,
				07ED94F02A0533AD0075B8D4 /* String+Ext.swift in Sources */,
				07F1089829FC5C6500EC2D6A /* LoadingView.swift in Sources */,
				07F1089A29FC63CF00EC2D6A /* MockData.swift in Sources */,
				07F1089F29FDCA4600EC2D6A /* AppTitleView.swift in Sources */,
				07ED94ED2A02B7080075B8D4 /* AlertContext.swift in Sources */,
				07ED94E32A0297350075B8D4 /* MarsWeatherTabViewModel.swift in Sources */,
				07ED94F22A053BA50075B8D4 /* UVIrradianceView.swift in Sources */,
			);
			runOnlyForDeploymentPostprocessing = 0;
		};
/* End PBXSourcesBuildPhase section */

/* Begin XCBuildConfiguration section */
		07D8298E29FB141300587495 /* Debug */ = {
			isa = XCBuildConfiguration;
			buildSettings = {
				ALWAYS_SEARCH_USER_PATHS = NO;
				CLANG_ANALYZER_NONNULL = YES;
				CLANG_ANALYZER_NUMBER_OBJECT_CONVERSION = YES_AGGRESSIVE;
				CLANG_CXX_LANGUAGE_STANDARD = "gnu++20";
				CLANG_ENABLE_MODULES = YES;
				CLANG_ENABLE_OBJC_ARC = YES;
				CLANG_ENABLE_OBJC_WEAK = YES;
				CLANG_WARN_BLOCK_CAPTURE_AUTORELEASING = YES;
				CLANG_WARN_BOOL_CONVERSION = YES;
				CLANG_WARN_COMMA = YES;
				CLANG_WARN_CONSTANT_CONVERSION = YES;
				CLANG_WARN_DEPRECATED_OBJC_IMPLEMENTATIONS = YES;
				CLANG_WARN_DIRECT_OBJC_ISA_USAGE = YES_ERROR;
				CLANG_WARN_DOCUMENTATION_COMMENTS = YES;
				CLANG_WARN_EMPTY_BODY = YES;
				CLANG_WARN_ENUM_CONVERSION = YES;
				CLANG_WARN_INFINITE_RECURSION = YES;
				CLANG_WARN_INT_CONVERSION = YES;
				CLANG_WARN_NON_LITERAL_NULL_CONVERSION = YES;
				CLANG_WARN_OBJC_IMPLICIT_RETAIN_SELF = YES;
				CLANG_WARN_OBJC_LITERAL_CONVERSION = YES;
				CLANG_WARN_OBJC_ROOT_CLASS = YES_ERROR;
				CLANG_WARN_QUOTED_INCLUDE_IN_FRAMEWORK_HEADER = YES;
				CLANG_WARN_RANGE_LOOP_ANALYSIS = YES;
				CLANG_WARN_STRICT_PROTOTYPES = YES;
				CLANG_WARN_SUSPICIOUS_MOVE = YES;
				CLANG_WARN_UNGUARDED_AVAILABILITY = YES_AGGRESSIVE;
				CLANG_WARN_UNREACHABLE_CODE = YES;
				CLANG_WARN__DUPLICATE_METHOD_MATCH = YES;
				COPY_PHASE_STRIP = NO;
				DEBUG_INFORMATION_FORMAT = dwarf;
				ENABLE_STRICT_OBJC_MSGSEND = YES;
				ENABLE_TESTABILITY = YES;
				GCC_C_LANGUAGE_STANDARD = gnu11;
				GCC_DYNAMIC_NO_PIC = NO;
				GCC_NO_COMMON_BLOCKS = YES;
				GCC_OPTIMIZATION_LEVEL = 0;
				GCC_PREPROCESSOR_DEFINITIONS = (
					"DEBUG=1",
					"$(inherited)",
				);
				GCC_WARN_64_TO_32_BIT_CONVERSION = YES;
				GCC_WARN_ABOUT_RETURN_TYPE = YES_ERROR;
				GCC_WARN_UNDECLARED_SELECTOR = YES;
				GCC_WARN_UNINITIALIZED_AUTOS = YES_AGGRESSIVE;
				GCC_WARN_UNUSED_FUNCTION = YES;
				GCC_WARN_UNUSED_VARIABLE = YES;
				IPHONEOS_DEPLOYMENT_TARGET = 16.4;
				MTL_ENABLE_DEBUG_INFO = INCLUDE_SOURCE;
				MTL_FAST_MATH = YES;
				ONLY_ACTIVE_ARCH = YES;
				SDKROOT = iphoneos;
				SWIFT_ACTIVE_COMPILATION_CONDITIONS = DEBUG;
				SWIFT_OPTIMIZATION_LEVEL = "-Onone";
			};
			name = Debug;
		};
		07D8298F29FB141300587495 /* Release */ = {
			isa = XCBuildConfiguration;
			buildSettings = {
				ALWAYS_SEARCH_USER_PATHS = NO;
				CLANG_ANALYZER_NONNULL = YES;
				CLANG_ANALYZER_NUMBER_OBJECT_CONVERSION = YES_AGGRESSIVE;
				CLANG_CXX_LANGUAGE_STANDARD = "gnu++20";
				CLANG_ENABLE_MODULES = YES;
				CLANG_ENABLE_OBJC_ARC = YES;
				CLANG_ENABLE_OBJC_WEAK = YES;
				CLANG_WARN_BLOCK_CAPTURE_AUTORELEASING = YES;
				CLANG_WARN_BOOL_CONVERSION = YES;
				CLANG_WARN_COMMA = YES;
				CLANG_WARN_CONSTANT_CONVERSION = YES;
				CLANG_WARN_DEPRECATED_OBJC_IMPLEMENTATIONS = YES;
				CLANG_WARN_DIRECT_OBJC_ISA_USAGE = YES_ERROR;
				CLANG_WARN_DOCUMENTATION_COMMENTS = YES;
				CLANG_WARN_EMPTY_BODY = YES;
				CLANG_WARN_ENUM_CONVERSION = YES;
				CLANG_WARN_INFINITE_RECURSION = YES;
				CLANG_WARN_INT_CONVERSION = YES;
				CLANG_WARN_NON_LITERAL_NULL_CONVERSION = YES;
				CLANG_WARN_OBJC_IMPLICIT_RETAIN_SELF = YES;
				CLANG_WARN_OBJC_LITERAL_CONVERSION = YES;
				CLANG_WARN_OBJC_ROOT_CLASS = YES_ERROR;
				CLANG_WARN_QUOTED_INCLUDE_IN_FRAMEWORK_HEADER = YES;
				CLANG_WARN_RANGE_LOOP_ANALYSIS = YES;
				CLANG_WARN_STRICT_PROTOTYPES = YES;
				CLANG_WARN_SUSPICIOUS_MOVE = YES;
				CLANG_WARN_UNGUARDED_AVAILABILITY = YES_AGGRESSIVE;
				CLANG_WARN_UNREACHABLE_CODE = YES;
				CLANG_WARN__DUPLICATE_METHOD_MATCH = YES;
				COPY_PHASE_STRIP = NO;
				DEBUG_INFORMATION_FORMAT = "dwarf-with-dsym";
				ENABLE_NS_ASSERTIONS = NO;
				ENABLE_STRICT_OBJC_MSGSEND = YES;
				GCC_C_LANGUAGE_STANDARD = gnu11;
				GCC_NO_COMMON_BLOCKS = YES;
				GCC_WARN_64_TO_32_BIT_CONVERSION = YES;
				GCC_WARN_ABOUT_RETURN_TYPE = YES_ERROR;
				GCC_WARN_UNDECLARED_SELECTOR = YES;
				GCC_WARN_UNINITIALIZED_AUTOS = YES_AGGRESSIVE;
				GCC_WARN_UNUSED_FUNCTION = YES;
				GCC_WARN_UNUSED_VARIABLE = YES;
				IPHONEOS_DEPLOYMENT_TARGET = 16.4;
				MTL_ENABLE_DEBUG_INFO = NO;
				MTL_FAST_MATH = YES;
				SDKROOT = iphoneos;
				SWIFT_COMPILATION_MODE = wholemodule;
				SWIFT_OPTIMIZATION_LEVEL = "-O";
				VALIDATE_PRODUCT = YES;
			};
			name = Release;
		};
		07D8299129FB141300587495 /* Debug */ = {
			isa = XCBuildConfiguration;
			buildSettings = {
				ASSETCATALOG_COMPILER_APPICON_NAME = AppIcon;
				ASSETCATALOG_COMPILER_GLOBAL_ACCENT_COLOR_NAME = AccentColor;
				CODE_SIGN_STYLE = Automatic;
				CURRENT_PROJECT_VERSION = 1;
				DEVELOPMENT_ASSET_PATHS = "\"MarsWeather/Preview Content\"";
				DEVELOPMENT_TEAM = 64H6U72Q6B;
				ENABLE_PREVIEWS = YES;
				GENERATE_INFOPLIST_FILE = YES;
				INFOPLIST_KEY_CFBundleDisplayName = "Mars Weather";
				INFOPLIST_KEY_UIApplicationSceneManifest_Generation = YES;
				INFOPLIST_KEY_UIApplicationSupportsIndirectInputEvents = YES;
				INFOPLIST_KEY_UILaunchScreen_Generation = YES;
				INFOPLIST_KEY_UIRequiresFullScreen = YES;
				INFOPLIST_KEY_UISupportedInterfaceOrientations = UIInterfaceOrientationPortrait;
				IPHONEOS_DEPLOYMENT_TARGET = 16.0;
				LD_RUNPATH_SEARCH_PATHS = (
					"$(inherited)",
					"@executable_path/Frameworks",
				);
				MARKETING_VERSION = 1.0;
				PRODUCT_BUNDLE_IDENTIFIER = com.willpaceley.MarsWeather;
				PRODUCT_NAME = "$(TARGET_NAME)";
				SWIFT_EMIT_LOC_STRINGS = YES;
				SWIFT_VERSION = 5.0;
				TARGETED_DEVICE_FAMILY = "1,2";
			};
			name = Debug;
		};
		07D8299229FB141300587495 /* Release */ = {
			isa = XCBuildConfiguration;
			buildSettings = {
				ASSETCATALOG_COMPILER_APPICON_NAME = AppIcon;
				ASSETCATALOG_COMPILER_GLOBAL_ACCENT_COLOR_NAME = AccentColor;
				CODE_SIGN_STYLE = Automatic;
				CURRENT_PROJECT_VERSION = 1;
				DEVELOPMENT_ASSET_PATHS = "\"MarsWeather/Preview Content\"";
				DEVELOPMENT_TEAM = 64H6U72Q6B;
				ENABLE_PREVIEWS = YES;
				GENERATE_INFOPLIST_FILE = YES;
				INFOPLIST_KEY_CFBundleDisplayName = "Mars Weather";
				INFOPLIST_KEY_UIApplicationSceneManifest_Generation = YES;
				INFOPLIST_KEY_UIApplicationSupportsIndirectInputEvents = YES;
				INFOPLIST_KEY_UILaunchScreen_Generation = YES;
				INFOPLIST_KEY_UIRequiresFullScreen = YES;
				INFOPLIST_KEY_UISupportedInterfaceOrientations = UIInterfaceOrientationPortrait;
				IPHONEOS_DEPLOYMENT_TARGET = 16.0;
				LD_RUNPATH_SEARCH_PATHS = (
					"$(inherited)",
					"@executable_path/Frameworks",
				);
				MARKETING_VERSION = 1.0;
				PRODUCT_BUNDLE_IDENTIFIER = com.willpaceley.MarsWeather;
				PRODUCT_NAME = "$(TARGET_NAME)";
				SWIFT_EMIT_LOC_STRINGS = YES;
				SWIFT_VERSION = 5.0;
				TARGETED_DEVICE_FAMILY = "1,2";
			};
			name = Release;
		};
/* End XCBuildConfiguration section */

/* Begin XCConfigurationList section */
		07D8297D29FB141100587495 /* Build configuration list for PBXProject "MarsWeather" */ = {
			isa = XCConfigurationList;
			buildConfigurations = (
				07D8298E29FB141300587495 /* Debug */,
				07D8298F29FB141300587495 /* Release */,
			);
			defaultConfigurationIsVisible = 0;
			defaultConfigurationName = Release;
		};
		07D8299029FB141300587495 /* Build configuration list for PBXNativeTarget "MarsWeather" */ = {
			isa = XCConfigurationList;
			buildConfigurations = (
				07D8299129FB141300587495 /* Debug */,
				07D8299229FB141300587495 /* Release */,
			);
			defaultConfigurationIsVisible = 0;
			defaultConfigurationName = Release;
		};
/* End XCConfigurationList section */
	};
	rootObject = 07D8297A29FB141100587495 /* Project object */;
}
